
Microsoft Visual Studio Solution File, Format Version 12.00
# Visual Studio Version 16
VisualStudioVersion = 16.0.29728.190
MinimumVisualStudioVersion = 10.0.40219.1
Project("{FAE04EC0-301F-11D3-BF4B-00C04F79EFBC}") = "CommonVersion", "CommonVersion\CommonVersion.csproj", "{7054273C-4569-462F-9F35-90C86B9014E7}"
EndProject
Global
	GlobalSection(SolutionConfigurationPlatforms) = preSolution
		Debug|Any CPU = Debug|Any CPU
		Release|Any CPU = Release|Any CPU
	EndGlobalSection
	GlobalSection(ProjectConfigurationPlatforms) = postSolution
		{7054273C-4569-462F-9F35-90C86B9014E7}.Debug|Any CPU.ActiveCfg = Debug|Any CPU
		{7054273C-4569-462F-9F35-90C86B9014E7}.Debug|Any CPU.Build.0 = Debug|Any CPU
		{7054273C-4569-462F-9F35-90C86B9014E7}.Release|Any CPU.ActiveCfg = Release|Any CPU
		{7054273C-4569-462F-9F35-90C86B9014E7}.Release|Any CPU.Build.0 = Release|Any CPU
	EndGlobalSection
	GlobalSection(SolutionProperties) = preSolution
		HideSolutionNode = FALSE
	EndGlobalSection
	GlobalSection(ExtensibilityGlobals) = postSolution
		SolutionGuid = {96CF0014-EB3C-4E7E-A717-F192A4D95EE2}
	EndGlobalSection
EndGlobal
